
Microsoft Visual Studio Solution File, Format Version 12.00
# Visual Studio Version 16
VisualStudioVersion = 16.0.33423.256
MinimumVisualStudioVersion = 10.0.40219.1
Project("{F184B08F-C81C-45F6-A57F-5ABD9991F28F}") = "MaquinaEscurabutxaques", "MaquinaEscurabutxaques\MaquinaEscurabutxaques.vbproj", "{E1649A64-5DC7-47E8-B598-042470A9C2E6}"
EndProject
Global
	GlobalSection(SolutionConfigurationPlatforms) = preSolution
		Debug|Any CPU = Debug|Any CPU
		Release|Any CPU = Release|Any CPU
	EndGlobalSection
	GlobalSection(ProjectConfigurationPlatforms) = postSolution
		{E1649A64-5DC7-47E8-B598-042470A9C2E6}.Debug|Any CPU.ActiveCfg = Debug|Any CPU
		{E1649A64-5DC7-47E8-B598-042470A9C2E6}.Debug|Any CPU.Build.0 = Debug|Any CPU
		{E1649A64-5DC7-47E8-B598-042470A9C2E6}.Release|Any CPU.ActiveCfg = Release|Any CPU
		{E1649A64-5DC7-47E8-B598-042470A9C2E6}.Release|Any CPU.Build.0 = Release|Any CPU
	EndGlobalSection
	GlobalSection(SolutionProperties) = preSolution
		HideSolutionNode = FALSE
	EndGlobalSection
	GlobalSection(ExtensibilityGlobals) = postSolution
		SolutionGuid = {33A600F9-56D0-41DA-B53A-79221EE14021}
	EndGlobalSection
EndGlobal
